# This file is automatically @generated by Poetry 1.8.3 and should not be changed by hand.

[[package]]
name = "altgraph"
version = "0.17.4"
description = "Python graph (network) package"
optional = false
python-versions = "*"
files = [
    {file = "altgraph-0.17.4-py2.py3-none-any.whl", hash = "sha256:642743b4750de17e655e6711601b077bc6598dbfa3ba5fa2b2a35ce12b508dff"},
    {file = "altgraph-0.17.4.tar.gz", hash = "sha256:1b5afbb98f6c4dcadb2e2ae6ab9fa994bbb8c1d75f4fa96d340f9437ae454406"},
]

[[package]]
name = "attrs"
version = "24.2.0"
description = "Classes Without Boilerplate"
optional = false
python-versions = ">=3.7"
files = [
    {file = "attrs-24.2.0-py3-none-any.whl", hash = "sha256:81921eb96de3191c8258c199618104dd27ac608d9366f5e35d011eae1867ede2"},
    {file = "attrs-24.2.0.tar.gz", hash = "sha256:5cfb1b9148b5b086569baec03f20d7b6bf3bcacc9a42bebf87ffaaca362f6346"},
]

[package.extras]
benchmark = ["cloudpickle", "hypothesis", "mypy (>=1.11.1)", "pympler", "pytest (>=4.3.0)", "pytest-codspeed", "pytest-mypy-plugins", "pytest-xdist[psutil]"]
cov = ["cloudpickle", "coverage[toml] (>=5.3)", "hypothesis", "mypy (>=1.11.1)", "pympler", "pytest (>=4.3.0)", "pytest-mypy-plugins", "pytest-xdist[psutil]"]
dev = ["cloudpickle", "hypothesis", "mypy (>=1.11.1)", "pre-commit", "pympler", "pytest (>=4.3.0)", "pytest-mypy-plugins", "pytest-xdist[psutil]"]
docs = ["cogapp", "furo", "myst-parser", "sphinx", "sphinx-notfound-page", "sphinxcontrib-towncrier", "towncrier (<24.7)"]
tests = ["cloudpickle", "hypothesis", "mypy (>=1.11.1)", "pympler", "pytest (>=4.3.0)", "pytest-mypy-plugins", "pytest-xdist[psutil]"]
tests-mypy = ["mypy (>=1.11.1)", "pytest-mypy-plugins"]

[[package]]
name = "bashlex"
version = "0.18"
description = "Python parser for bash"
optional = false
python-versions = ">=2.7, !=3.0, !=3.1, !=3.2, !=3.3, !=3.4"
files = [
    {file = "bashlex-0.18-py2.py3-none-any.whl", hash = "sha256:91d73a23a3e51711919c1c899083890cdecffc91d8c088942725ac13e9dcfffa"},
    {file = "bashlex-0.18.tar.gz", hash = "sha256:5bb03a01c6d5676338c36fd1028009c8ad07e7d61d8a1ce3f513b7fff52796ee"},
]

[[package]]
name = "bindepend"
version = "0.1"
description = "Binary depedency analysis"
optional = false
python-versions = "*"
files = [
    {file = "bindepend-0.1-py3-none-any.whl", hash = "sha256:8c3017b8d25b18c3865f55137656338312d06999b93b798b5be1a1d0176e6493"},
    {file = "bindepend-0.1.tar.gz", hash = "sha256:4a376a4a81d4812e85be9cf1b9b49c78bcf76a3278b94a9b080c22ac9c3ad1fd"},
]

[package.dependencies]
pefile = "*"

[[package]]
name = "bracex"
version = "2.5.post1"
description = "Bash style brace expander."
optional = false
python-versions = ">=3.8"
files = [
    {file = "bracex-2.5.post1-py3-none-any.whl", hash = "sha256:13e5732fec27828d6af308628285ad358047cec36801598368cb28bc631dbaf6"},
    {file = "bracex-2.5.post1.tar.gz", hash = "sha256:12c50952415bfa773d2d9ccb8e79651b8cdb1f31a42f6091b804f6ba2b4a66b6"},
]

[[package]]
name = "certifi"
version = "2024.8.30"
description = "Python package for providing Mozilla's CA Bundle."
optional = false
python-versions = ">=3.6"
files = [
    {file = "certifi-2024.8.30-py3-none-any.whl", hash = "sha256:922820b53db7a7257ffbda3f597266d435245903d80737e34f8a45ff3e3230d8"},
    {file = "certifi-2024.8.30.tar.gz", hash = "sha256:bec941d2aa8195e248a60b31ff9f0558284cf01a52591ceda73ea9afffd69fd9"},
]

[[package]]
name = "cibuildwheel"
version = "2.21.1"
description = "Build Python wheels on CI with minimal configuration."
optional = false
python-versions = ">=3.8"
files = [
    {file = "cibuildwheel-2.21.1-py3-none-any.whl", hash = "sha256:cd50ae4ef79cd095565558fda41d5056ae3edf1291a73245326d8a7a692f0c48"},
    {file = "cibuildwheel-2.21.1.tar.gz", hash = "sha256:b186b2723b928b9ca4d5d08d555f4f0fe0c3c69d5b80bb7fddd838dddc0c7f65"},
]

[package.dependencies]
bashlex = "!=0.13"
bracex = "*"
certifi = "*"
filelock = "*"
packaging = ">=20.9"
platformdirs = "*"
tomli = {version = "*", markers = "python_version < \"3.11\""}
typing-extensions = {version = ">=4.1.0", markers = "python_version < \"3.11\""}

[package.extras]
bin = ["click", "packaging (>=21.0)", "pip-tools", "pygithub", "pyyaml", "requests", "rich (>=9.6)"]
dev = ["build", "click", "jinja2", "packaging (>=21.0)", "pip-tools", "pygithub", "pytest (>=6)", "pytest-timeout", "pytest-xdist", "pyyaml", "requests", "rich (>=9.6)", "setuptools", "tomli-w", "validate-pyproject"]
docs = ["jinja2 (>=3.1.2)", "mkdocs (==1.6.1)", "mkdocs-include-markdown-plugin (==6.2.2)", "mkdocs-macros-plugin", "pymdown-extensions"]
test = ["build", "jinja2", "pytest (>=6)", "pytest-timeout", "pytest-xdist", "setuptools", "tomli-w", "validate-pyproject"]
uv = ["uv"]

[[package]]
name = "delocate"
version = "0.11.0"
description = "Move macOS dynamic libraries into package"
optional = false
python-versions = ">=3.7"
files = [
    {file = "delocate-0.11.0-py3-none-any.whl", hash = "sha256:55558ddfb3e685ee6b5cacfef05f0e5a07d3ec92b04db30fc1aab608364f4fd5"},
    {file = "delocate-0.11.0.tar.gz", hash = "sha256:63b0b66467c11fa096aa3179b84d9cef1ab6dc6b0bee78bd7d5dd15814776515"},
]

[package.dependencies]
bindepend = {version = "*", markers = "sys_platform == \"win32\""}
macholib = "*"
machomachomangler = {version = "*", markers = "sys_platform == \"win32\""}
packaging = ">=20.9"
typing-extensions = "*"

[[package]]
name = "filelock"
version = "3.16.1"
description = "A platform independent file lock."
optional = false
python-versions = ">=3.8"
files = [
    {file = "filelock-3.16.1-py3-none-any.whl", hash = "sha256:2082e5703d51fbf98ea75855d9d5527e33d8ff23099bec374a134febee6946b0"},
    {file = "filelock-3.16.1.tar.gz", hash = "sha256:c249fbfcd5db47e5e2d6d62198e565475ee65e4831e2561c8e313fa7eb961435"},
]

[package.extras]
docs = ["furo (>=2024.8.6)", "sphinx (>=8.0.2)", "sphinx-autodoc-typehints (>=2.4.1)"]
testing = ["covdefaults (>=2.3)", "coverage (>=7.6.1)", "diff-cover (>=9.2)", "pytest (>=8.3.3)", "pytest-asyncio (>=0.24)", "pytest-cov (>=5)", "pytest-mock (>=3.14)", "pytest-timeout (>=2.3.1)", "virtualenv (>=20.26.4)"]
typing = ["typing-extensions (>=4.12.2)"]

[[package]]
name = "macholib"
version = "1.16.3"
description = "Mach-O header analysis and editing"
optional = false
python-versions = "*"
files = [
    {file = "macholib-1.16.3-py2.py3-none-any.whl", hash = "sha256:0e315d7583d38b8c77e815b1ecbdbf504a8258d8b3e17b61165c6feb60d18f2c"},
    {file = "macholib-1.16.3.tar.gz", hash = "sha256:07ae9e15e8e4cd9a788013d81f5908b3609aa76f9b1421bae9c4d7606ec86a30"},
]

[package.dependencies]
altgraph = ">=0.17"

[[package]]
name = "machomachomangler"
version = "0.0.1"
description = "Tools for mangling Mach-O and PE binaries"
optional = false
python-versions = "*"
files = [
    {file = "machomachomangler-0.0.1-py3-none-any.whl", hash = "sha256:4fa66b8b65959399874f05a4d93abe1e49db46f71bef66a68a93e060d9ba0cb3"},
    {file = "machomachomangler-0.0.1.tar.gz", hash = "sha256:2acbad5bd465c5f386e5ceac8a8a1939a9789f503dd84f491e046292cf6e54a6"},
]

[package.dependencies]
attrs = "*"

[[package]]
name = "packaging"
version = "24.1"
description = "Core utilities for Python packages"
optional = false
python-versions = ">=3.8"
files = [
    {file = "packaging-24.1-py3-none-any.whl", hash = "sha256:5b8f2217dbdbd2f7f384c41c628544e6d52f2d0f53c6d0c3ea61aa5d1d7ff124"},
    {file = "packaging-24.1.tar.gz", hash = "sha256:026ed72c8ed3fcce5bf8950572258698927fd1dbda10a5e981cdf0ac37f4f002"},
]

[[package]]
name = "pefile"
version = "2024.8.26"
description = "Python PE parsing module"
optional = false
python-versions = ">=3.6.0"
files = [
    {file = "pefile-2024.8.26-py3-none-any.whl", hash = "sha256:76f8b485dcd3b1bb8166f1128d395fa3d87af26360c2358fb75b80019b957c6f"},
    {file = "pefile-2024.8.26.tar.gz", hash = "sha256:3ff6c5d8b43e8c37bb6e6dd5085658d658a7a0bdcd20b6a07b1fcfc1c4e9d632"},
]

[[package]]
name = "platformdirs"
version = "4.3.6"
description = "A small Python package for determining appropriate platform-specific dirs, e.g. a `user data dir`."
optional = false
python-versions = ">=3.8"
files = [
    {file = "platformdirs-4.3.6-py3-none-any.whl", hash = "sha256:73e575e1408ab8103900836b97580d5307456908a03e92031bab39e4554cc3fb"},
    {file = "platformdirs-4.3.6.tar.gz", hash = "sha256:357fb2acbc885b0419afd3ce3ed34564c13c9b95c89360cd9563f73aa5e2b907"},
]

[package.extras]
docs = ["furo (>=2024.8.6)", "proselint (>=0.14)", "sphinx (>=8.0.2)", "sphinx-autodoc-typehints (>=2.4)"]
test = ["appdirs (==1.4.4)", "covdefaults (>=2.3)", "pytest (>=8.3.2)", "pytest-cov (>=5)", "pytest-mock (>=3.14)"]
type = ["mypy (>=1.11.2)"]

[[package]]
name = "tomli"
version = "2.0.1"
description = "A lil' TOML parser"
optional = false
python-versions = ">=3.7"
files = [
    {file = "tomli-2.0.1-py3-none-any.whl", hash = "sha256:939de3e7a6161af0c887ef91b7d41a53e7c5a1ca976325f429cb46ea9bc30ecc"},
    {file = "tomli-2.0.1.tar.gz", hash = "sha256:de526c12914f0c550d15924c62d72abc48d6fe7364aa87328337a31007fe8a4f"},
]

[[package]]
name = "typing-extensions"
version = "4.12.2"
description = "Backported and Experimental Type Hints for Python 3.8+"
optional = false
python-versions = ">=3.8"
files = [
    {file = "typing_extensions-4.12.2-py3-none-any.whl", hash = "sha256:04e5ca0351e0f3f85c6853954072df659d0d13fac324d0072316b67d7794700d"},
    {file = "typing_extensions-4.12.2.tar.gz", hash = "sha256:1a7ead55c7e559dd4dee8856e3a88b41225abfe1ce8df57b7c13915fe121ffb8"},
]

[[package]]
name = "wheel"
version = "0.43.0"
description = "A built-package format for Python"
optional = false
python-versions = ">=3.8"
files = [
    {file = "wheel-0.43.0-py3-none-any.whl", hash = "sha256:55c570405f142630c6b9f72fe09d9b67cf1477fcf543ae5b8dcb1f5b7377da81"},
    {file = "wheel-0.43.0.tar.gz", hash = "sha256:465ef92c69fa5c5da2d1cf8ac40559a8c940886afcef87dcf14b9470862f1d85"},
]

[package.extras]
test = ["pytest (>=6.0.0)", "setuptools (>=65)"]

[metadata]
lock-version = "2.0"
python-versions = "^3.10"
content-hash = "3151d83c504d16df72d152f2a8a147091dd7f27e2a7cae34e88e2af338697c68"
